{
  "nodes": {
    "flake-utils": {
      "inputs": {
        "systems": "systems"
      },
      "locked": {
        "lastModified": 1731533236,
        "narHash": "sha256-l0KFg5HjrsfsO/JpG+r7fRrqm12kzFHyUHqHCVpMMbI=",
        "owner": "numtide",
        "repo": "flake-utils",
        "rev": "11707dc2f618dd54ca8739b309ec4fc024de578b",
        "type": "github"
      },
      "original": {
        "owner": "numtide",
        "repo": "flake-utils",
        "type": "github"
      }
    },
    "home-manager": {
      "inputs": {
        "nixpkgs": [
          "nixpkgs"
        ]
      },
      "locked": {
        "lastModified": 1728726232,
        "narHash": "sha256-8ZWr1HpciQsrFjvPMvZl0W+b0dilZOqXPoKa2Ux36bc=",
        "owner": "nix-community",
        "repo": "home-manager",
        "rev": "d57112db877f07387ce7104b5ac346ede556d2d7",
        "type": "github"
      },
      "original": {
        "owner": "nix-community",
        "repo": "home-manager",
        "type": "github"
      }
    },
    "jujutsu": {
      "inputs": {
        "flake-utils": "flake-utils",
        "nixpkgs": "nixpkgs",
        "rust-overlay": "rust-overlay"
      },
      "locked": {
        "lastModified": 1734362209,
        "narHash": "sha256-iuSlE7b/qz6BiF2myg4Yyt8/ZQ+DEX8rAU+BU1iX9O4=",
        "owner": "vapourismo",
        "repo": "jj",
        "rev": "912337789a0e4cf8b9ebe669650f8418268794c1",
        "type": "github"
      },
      "original": {
        "owner": "vapourismo",
        "repo": "jj",
        "type": "github"
      }
    },
    "nixpkgs": {
      "locked": {
        "lastModified": 1731890469,
        "narHash": "sha256-D1FNZ70NmQEwNxpSSdTXCSklBH1z2isPR84J6DQrJGs=",
        "owner": "NixOS",
        "repo": "nixpkgs",
        "rev": "5083ec887760adfe12af64830a66807423a859a7",
        "type": "github"
      },
      "original": {
        "owner": "NixOS",
        "ref": "nixpkgs-unstable",
        "repo": "nixpkgs",
        "type": "github"
      }
    },
    "nixpkgs_2": {
      "locked": {
        "lastModified": 1728738154,
        "narHash": "sha256-BKniFdCCST/4gmDPjHgfVOOvCyVk5sp3PX+f4SKSFM0=",
        "owner": "nixos",
        "repo": "nixpkgs",
        "rev": "54cce652cb480258b12f15b2915e7a6c79ac51ae",
        "type": "github"
      },
      "original": {
        "owner": "nixos",
        "repo": "nixpkgs",
        "type": "github"
      }
    },
    "omz-nix-shell-plugin": {
      "flake": false,
      "locked": {
        "lastModified": 1704028593,
        "narHash": "sha256-Rtg8kWVLhXRuD2/Ctbtgz9MQCtKZOLpAIdommZhXKdE=",
        "owner": "chisui",
        "repo": "zsh-nix-shell",
        "rev": "82ca15e638cc208e6d8368e34a1625ed75e08f90",
        "type": "github"
      },
      "original": {
        "owner": "chisui",
        "repo": "zsh-nix-shell",
        "type": "github"
      }
    },
    "root": {
      "inputs": {
        "home-manager": "home-manager",
        "jujutsu": "jujutsu",
        "nixpkgs": "nixpkgs_2",
        "omz-nix-shell-plugin": "omz-nix-shell-plugin",
        "tim-janik-tools": "tim-janik-tools"
      }
    },
    "rust-overlay": {
      "inputs": {
        "nixpkgs": [
          "jujutsu",
          "nixpkgs"
        ]
      },
      "locked": {
        "lastModified": 1732242723,
        "narHash": "sha256-NWI8csIK0ujFlFuEXKnoc+7hWoCiEtINK9r48LUUMeU=",
        "owner": "oxalica",
        "repo": "rust-overlay",
        "rev": "a229311fcb45b88a95fdfa5cecd8349c809a272a",
        "type": "github"
      },
      "original": {
        "owner": "oxalica",
        "repo": "rust-overlay",
        "type": "github"
      }
    },
    "systems": {
      "locked": {
        "lastModified": 1681028828,
        "narHash": "sha256-Vy1rq5AaRuLzOxct8nz4T6wlgyUR7zLU309k9mBC768=",
        "owner": "nix-systems",
        "repo": "default",
        "rev": "da67096a3b9bf56a91d16901293e51ba5b49a27e",
        "type": "github"
      },
      "original": {
        "owner": "nix-systems",
        "repo": "default",
        "type": "github"
      }
    },
    "tim-janik-tools": {
      "flake": false,
      "locked": {
        "lastModified": 1730130233,
        "narHash": "sha256-i2wDwhYYlCJLYnvn+Xou8WfIQQkQ/Jh4+cvz1lVxJK4=",
        "owner": "tim-janik",
        "repo": "tools",
        "rev": "ef9609acfe43506ab9f481c5b7bb0f1aa63ca52b",
        "type": "github"
      },
      "original": {
        "owner": "tim-janik",
        "repo": "tools",
        "type": "github"
      }
    }
  },
  "root": "root",
  "version": 7
}
